
Microsoft Visual Studio Solution File, Format Version 12.00
# Visual Studio Version 18
VisualStudioVersion = 18.1.11312.151
MinimumVisualStudioVersion = 10.0.40219.1
Project("{2150E333-8FDC-42A3-9474-1A3956D46DE8}") = "Section04", "Section04", "{0C870893-8B24-4EB4-8FC8-EA6810556C5D}"
EndProject
Project("{2150E333-8FDC-42A3-9474-1A3956D46DE8}") = "Section05", "Section05", "{3AB9A95E-DBDE-4A29-8B56-089F73DE9C7E}"
EndProject
Project("{FAE04EC0-301F-11D3-BF4B-00C04F79EFBC}") = "Exercise01Section04", "Section04\Exercise01Section04\Exercise01Section04.csproj", "{3F886148-98EE-81C1-9A8F-7D3C4BAA336E}"
EndProject
Project("{FAE04EC0-301F-11D3-BF4B-00C04F79EFBC}") = "Exercise02Section04", "Section04\Exercise02Section04\Exercise02Section04.csproj", "{0317C3AD-6205-FC82-551F-EE76CF095D7C}"
EndProject
Project("{FAE04EC0-301F-11D3-BF4B-00C04F79EFBC}") = "Exercise03Section04", "Section04\Exercise03Section04\Exercise03Section04.csproj", "{54FD8FE5-B59D-CAF4-C10E-F0470DF64185}"
EndProject
Project("{FAE04EC0-301F-11D3-BF4B-00C04F79EFBC}") = "Exercise04Section04", "Section04\Exercise04Section04\Exercise04Section04.csproj", "{7D43A551-1830-5EFD-E1A9-3725ED3408DB}"
EndProject
Project("{FAE04EC0-301F-11D3-BF4B-00C04F79EFBC}") = "Exercise05Section04", "Section04\Exercise05Section04\Exercise05Section04.csproj", "{96D269D1-38EE-3661-899D-EF1F028969F3}"
EndProject
Project("{FAE04EC0-301F-11D3-BF4B-00C04F79EFBC}") = "Exercise06Section04", "Section04\Exercise06Section04\Exercise06Section04.csproj", "{C4809B0C-73B7-1477-05D9-8CC81456DBD0}"
EndProject
Project("{FAE04EC0-301F-11D3-BF4B-00C04F79EFBC}") = "Exercise01Section05", "Section05\Exercise01Section05\Exercise01Section05.csproj", "{BF77520E-5610-751B-065B-425459806A43}"
EndProject
Project("{2150E333-8FDC-42A3-9474-1A3956D46DE8}") = "Section06", "Section06", "{3A14471C-1CE3-4C90-9E84-96C455AEA7F1}"
EndProject
Project("{FAE04EC0-301F-11D3-BF4B-00C04F79EFBC}") = "Exercise01Section06", "Exercise01Section06\Exercise01Section06.csproj", "{858823F8-C4E2-48E8-99FE-E5AFA4C19D8E}"
EndProject
Project("{FAE04EC0-301F-11D3-BF4B-00C04F79EFBC}") = "Exercise02Section06", "Exercise02Section06\Exercise02Section06.csproj", "{45968CC4-6BBF-49EF-928E-29961FA15327}"
EndProject
Global
	GlobalSection(SolutionConfigurationPlatforms) = preSolution
		Debug|Any CPU = Debug|Any CPU
		Release|Any CPU = Release|Any CPU
	EndGlobalSection
	GlobalSection(ProjectConfigurationPlatforms) = postSolution
		{3F886148-98EE-81C1-9A8F-7D3C4BAA336E}.Debug|Any CPU.ActiveCfg = Debug|Any CPU
		{3F886148-98EE-81C1-9A8F-7D3C4BAA336E}.Debug|Any CPU.Build.0 = Debug|Any CPU
		{3F886148-98EE-81C1-9A8F-7D3C4BAA336E}.Release|Any CPU.ActiveCfg = Release|Any CPU
		{3F886148-98EE-81C1-9A8F-7D3C4BAA336E}.Release|Any CPU.Build.0 = Release|Any CPU
		{0317C3AD-6205-FC82-551F-EE76CF095D7C}.Debug|Any CPU.ActiveCfg = Debug|Any CPU
		{0317C3AD-6205-FC82-551F-EE76CF095D7C}.Debug|Any CPU.Build.0 = Debug|Any CPU
		{0317C3AD-6205-FC82-551F-EE76CF095D7C}.Release|Any CPU.ActiveCfg = Release|Any CPU
		{0317C3AD-6205-FC82-551F-EE76CF095D7C}.Release|Any CPU.Build.0 = Release|Any CPU
		{54FD8FE5-B59D-CAF4-C10E-F0470DF64185}.Debug|Any CPU.ActiveCfg = Debug|Any CPU
		{54FD8FE5-B59D-CAF4-C10E-F0470DF64185}.Debug|Any CPU.Build.0 = Debug|Any CPU
		{54FD8FE5-B59D-CAF4-C10E-F0470DF64185}.Release|Any CPU.ActiveCfg = Release|Any CPU
		{54FD8FE5-B59D-CAF4-C10E-F0470DF64185}.Release|Any CPU.Build.0 = Release|Any CPU
		{7D43A551-1830-5EFD-E1A9-3725ED3408DB}.Debug|Any CPU.ActiveCfg = Debug|Any CPU
		{7D43A551-1830-5EFD-E1A9-3725ED3408DB}.Debug|Any CPU.Build.0 = Debug|Any CPU
		{7D43A551-1830-5EFD-E1A9-3725ED3408DB}.Release|Any CPU.ActiveCfg = Release|Any CPU
		{7D43A551-1830-5EFD-E1A9-3725ED3408DB}.Release|Any CPU.Build.0 = Release|Any CPU
		{96D269D1-38EE-3661-899D-EF1F028969F3}.Debug|Any CPU.ActiveCfg = Debug|Any CPU
		{96D269D1-38EE-3661-899D-EF1F028969F3}.Debug|Any CPU.Build.0 = Debug|Any CPU
		{96D269D1-38EE-3661-899D-EF1F028969F3}.Release|Any CPU.ActiveCfg = Release|Any CPU
		{96D269D1-38EE-3661-899D-EF1F028969F3}.Release|Any CPU.Build.0 = Release|Any CPU
		{C4809B0C-73B7-1477-05D9-8CC81456DBD0}.Debug|Any CPU.ActiveCfg = Debug|Any CPU
		{C4809B0C-73B7-1477-05D9-8CC81456DBD0}.Debug|Any CPU.Build.0 = Debug|Any CPU
		{C4809B0C-73B7-1477-05D9-8CC81456DBD0}.Release|Any CPU.ActiveCfg = Release|Any CPU
		{C4809B0C-73B7-1477-05D9-8CC81456DBD0}.Release|Any CPU.Build.0 = Release|Any CPU
		{BF77520E-5610-751B-065B-425459806A43}.Debug|Any CPU.ActiveCfg = Debug|Any CPU
		{BF77520E-5610-751B-065B-425459806A43}.Debug|Any CPU.Build.0 = Debug|Any CPU
		{BF77520E-5610-751B-065B-425459806A43}.Release|Any CPU.ActiveCfg = Release|Any CPU
		{BF77520E-5610-751B-065B-425459806A43}.Release|Any CPU.Build.0 = Release|Any CPU
		{858823F8-C4E2-48E8-99FE-E5AFA4C19D8E}.Debug|Any CPU.ActiveCfg = Debug|Any CPU
		{858823F8-C4E2-48E8-99FE-E5AFA4C19D8E}.Debug|Any CPU.Build.0 = Debug|Any CPU
		{858823F8-C4E2-48E8-99FE-E5AFA4C19D8E}.Release|Any CPU.ActiveCfg = Release|Any CPU
		{858823F8-C4E2-48E8-99FE-E5AFA4C19D8E}.Release|Any CPU.Build.0 = Release|Any CPU
		{45968CC4-6BBF-49EF-928E-29961FA15327}.Debug|Any CPU.ActiveCfg = Debug|Any CPU
		{45968CC4-6BBF-49EF-928E-29961FA15327}.Debug|Any CPU.Build.0 = Debug|Any CPU
		{45968CC4-6BBF-49EF-928E-29961FA15327}.Release|Any CPU.ActiveCfg = Release|Any CPU
		{45968CC4-6BBF-49EF-928E-29961FA15327}.Release|Any CPU.Build.0 = Release|Any CPU
	EndGlobalSection
	GlobalSection(SolutionProperties) = preSolution
		HideSolutionNode = FALSE
	EndGlobalSection
	GlobalSection(NestedProjects) = preSolution
		{3F886148-98EE-81C1-9A8F-7D3C4BAA336E} = {0C870893-8B24-4EB4-8FC8-EA6810556C5D}
		{0317C3AD-6205-FC82-551F-EE76CF095D7C} = {0C870893-8B24-4EB4-8FC8-EA6810556C5D}
		{54FD8FE5-B59D-CAF4-C10E-F0470DF64185} = {0C870893-8B24-4EB4-8FC8-EA6810556C5D}
		{7D43A551-1830-5EFD-E1A9-3725ED3408DB} = {0C870893-8B24-4EB4-8FC8-EA6810556C5D}
		{96D269D1-38EE-3661-899D-EF1F028969F3} = {0C870893-8B24-4EB4-8FC8-EA6810556C5D}
		{C4809B0C-73B7-1477-05D9-8CC81456DBD0} = {0C870893-8B24-4EB4-8FC8-EA6810556C5D}
		{BF77520E-5610-751B-065B-425459806A43} = {3AB9A95E-DBDE-4A29-8B56-089F73DE9C7E}
		{858823F8-C4E2-48E8-99FE-E5AFA4C19D8E} = {3A14471C-1CE3-4C90-9E84-96C455AEA7F1}
		{45968CC4-6BBF-49EF-928E-29961FA15327} = {3A14471C-1CE3-4C90-9E84-96C455AEA7F1}
	EndGlobalSection
	GlobalSection(ExtensibilityGlobals) = postSolution
		SolutionGuid = {3C5262FA-015B-43CF-8152-302099AF788F}
	EndGlobalSection
EndGlobal
